
Microsoft Visual Studio Solution File, Format Version 12.00
# Visual Studio Version 16
VisualStudioVersion = 16.0.30011.22
MinimumVisualStudioVersion = 10.0.40219.1
Project("{FAE04EC0-301F-11D3-BF4B-00C04F79EFBC}") = "StudentManagement", "StudentManagement\StudentManagement.csproj", "{8DD43FEE-C8D1-48D5-BF3C-0B4215A9580F}"
EndProject
Global
	GlobalSection(SolutionConfigurationPlatforms) = preSolution
		Debug|Any CPU = Debug|Any CPU
		Release|Any CPU = Release|Any CPU
	EndGlobalSection
	GlobalSection(ProjectConfigurationPlatforms) = postSolution
		{8DD43FEE-C8D1-48D5-BF3C-0B4215A9580F}.Debug|Any CPU.ActiveCfg = Debug|Any CPU
		{8DD43FEE-C8D1-48D5-BF3C-0B4215A9580F}.Debug|Any CPU.Build.0 = Debug|Any CPU
		{8DD43FEE-C8D1-48D5-BF3C-0B4215A9580F}.Release|Any CPU.ActiveCfg = Release|Any CPU
		{8DD43FEE-C8D1-48D5-BF3C-0B4215A9580F}.Release|Any CPU.Build.0 = Release|Any CPU
	EndGlobalSection
	GlobalSection(SolutionProperties) = preSolution
		HideSolutionNode = FALSE
	EndGlobalSection
	GlobalSection(ExtensibilityGlobals) = postSolution
		SolutionGuid = {349D14AA-53D8-4949-8212-1D4C76671B89}
	EndGlobalSection
EndGlobal
